
Microsoft Visual Studio Solution File, Format Version 12.00
# Visual Studio 15
VisualStudioVersion = 15.0.28307.572
MinimumVisualStudioVersion = 10.0.40219.1
Project("{FAE04EC0-301F-11D3-BF4B-00C04F79EFBC}") = "Image Merger", "Image Merger\Image Merger.csproj", "{D571492B-AC31-4E4B-BC0F-09F63D54A8A3}"
EndProject
Global
	GlobalSection(SolutionConfigurationPlatforms) = preSolution
		Debug|Any CPU = Debug|Any CPU
		Release|Any CPU = Release|Any CPU
	EndGlobalSection
	GlobalSection(ProjectConfigurationPlatforms) = postSolution
		{D571492B-AC31-4E4B-BC0F-09F63D54A8A3}.Debug|Any CPU.ActiveCfg = Debug|Any CPU
		{D571492B-AC31-4E4B-BC0F-09F63D54A8A3}.Debug|Any CPU.Build.0 = Debug|Any CPU
		{D571492B-AC31-4E4B-BC0F-09F63D54A8A3}.Release|Any CPU.ActiveCfg = Release|Any CPU
		{D571492B-AC31-4E4B-BC0F-09F63D54A8A3}.Release|Any CPU.Build.0 = Release|Any CPU
	EndGlobalSection
	GlobalSection(SolutionProperties) = preSolution
		HideSolutionNode = FALSE
	EndGlobalSection
	GlobalSection(ExtensibilityGlobals) = postSolution
		SolutionGuid = {15F62908-6F06-40E2-8870-754D2A74FED9}
	EndGlobalSection
EndGlobal
